// !$*UTF8*$!
{
	archiveVersion = 1;
	classes = {
	};
	objectVersion = 50;
	objects = {

/* Begin PBXBuildFile section */
		ACC5FB742212636B000B7E6F /* AppDelegate.swift in Sources */ = {isa = PBXBuildFile; fileRef = ACC5FB732212636B000B7E6F /* AppDelegate.swift */; };
		ACC5FB762212636B000B7E6F /* ViewController.swift in Sources */ = {isa = PBXBuildFile; fileRef = ACC5FB752212636B000B7E6F /* ViewController.swift */; };
		ACC5FB792212636B000B7E6F /* Main.storyboard in Resources */ = {isa = PBXBuildFile; fileRef = ACC5FB772212636B000B7E6F /* Main.storyboard */; };
		ACC5FB7B22126381000B7E6F /* Assets.xcassets in Resources */ = {isa = PBXBuildFile; fileRef = ACC5FB7A22126381000B7E6F /* Assets.xcassets */; };
		ACC5FB7E22126381000B7E6F /* LaunchScreen.storyboard in Resources */ = {isa = PBXBuildFile; fileRef = ACC5FB7C22126381000B7E6F /* LaunchScreen.storyboard */; };
		ACC5FB8922126F2F000B7E6F /* photoController.swift in Sources */ = {isa = PBXBuildFile; fileRef = ACC5FB8822126F2F000B7E6F /* photoController.swift */; };
		ACC5FB8B221276C6000B7E6F /* photoProccessController.swift in Sources */ = {isa = PBXBuildFile; fileRef = ACC5FB8A221276C6000B7E6F /* photoProccessController.swift */; };
		ACC5FB8D22127BE6000B7E6F /* PhotoProccessDoneController.swift in Sources */ = {isa = PBXBuildFile; fileRef = ACC5FB8C22127BE6000B7E6F /* PhotoProccessDoneController.swift */; };
		ACC5FB8F2212CD7B000B7E6F /* LandingViewController.swift in Sources */ = {isa = PBXBuildFile; fileRef = ACC5FB8E2212CD7A000B7E6F /* LandingViewController.swift */; };
/* End PBXBuildFile section */

/* Begin PBXFileReference section */
		ACC5FB702212636B000B7E6F /* Image Watermarking.app */ = {isa = PBXFileReference; explicitFileType = wrapper.application; includeInIndex = 0; path = "Image Watermarking.app"; sourceTree = BUILT_PRODUCTS_DIR; };
		ACC5FB732212636B000B7E6F /* AppDelegate.swift */ = {isa = PBXFileReference; lastKnownFileType = sourcecode.swift; path = AppDelegate.swift; sourceTree = "<group>"; };
		ACC5FB752212636B000B7E6F /* ViewController.swift */ = {isa = PBXFileReference; lastKnownFileType = sourcecode.swift; path = ViewController.swift; sourceTree = "<group>"; };
		ACC5FB782212636B000B7E6F /* Base */ = {isa = PBXFileReference; lastKnownFileType = file.storyboard; name = Base; path = Base.lproj/Main.storyboard; sourceTree = "<group>"; };
		ACC5FB7A22126381000B7E6F /* Assets.xcassets */ = {isa = PBXFileReference; lastKnownFileType = folder.assetcatalog; path = Assets.xcassets; sourceTree = "<group>"; };
		ACC5FB7D22126381000B7E6F /* Base */ = {isa = PBXFileReference; lastKnownFileType = file.storyboard; name = Base; path = Base.lproj/LaunchScreen.storyboard; sourceTree = "<group>"; };
		ACC5FB7F22126381000B7E6F /* Info.plist */ = {isa = PBXFileReference; lastKnownFileType = text.plist.xml; path = Info.plist; sourceTree = "<group>"; };
		ACC5FB8822126F2F000B7E6F /* photoController.swift */ = {isa = PBXFileReference; lastKnownFileType = sourcecode.swift; path = photoController.swift; sourceTree = "<group>"; };
		ACC5FB8A221276C6000B7E6F /* photoProccessController.swift */ = {isa = PBXFileReference; lastKnownFileType = sourcecode.swift; path = photoProccessController.swift; sourceTree = "<group>"; };
		ACC5FB8C22127BE6000B7E6F /* PhotoProccessDoneController.swift */ = {isa = PBXFileReference; lastKnownFileType = sourcecode.swift; path = PhotoProccessDoneController.swift; sourceTree = "<group>"; };
		ACC5FB8E2212CD7A000B7E6F /* LandingViewController.swift */ = {isa = PBXFileReference; lastKnownFileType = sourcecode.swift; path = LandingViewController.swift; sourceTree = "<group>"; };
/* End PBXFileReference section */

/* Begin PBXFrameworksBuildPhase section */
		ACC5FB6D2212636B000B7E6F /* Frameworks */ = {
			isa = PBXFrameworksBuildPhase;
			buildActionMask = 2147483647;
			files = (
			);
			runOnlyForDeploymentPostprocessing = 0;
		};
/* End PBXFrameworksBuildPhase section */

/* Begin PBXGroup section */
		ACC5FB672212636B000B7E6F = {
			isa = PBXGroup;
			children = (
				ACC5FB722212636B000B7E6F /* Image Watermarking */,
				ACC5FB712212636B000B7E6F /* Products */,
			);
			sourceTree = "<group>";
		};
		ACC5FB712212636B000B7E6F /* Products */ = {
			isa = PBXGroup;
			children = (
				ACC5FB702212636B000B7E6F /* Image Watermarking.app */,
			);
			name = Products;
			sourceTree = "<group>";
		};
		ACC5FB722212636B000B7E6F /* Image Watermarking */ = {
			isa = PBXGroup;
			children = (
				ACC5FB732212636B000B7E6F /* AppDelegate.swift */,
				ACC5FB7A22126381000B7E6F /* Assets.xcassets */,
				ACC5FB8722126F04000B7E6F /* storyboard */,
				ACC5FB85221265CB000B7E6F /* main */,
				ACC5FB86221265F2000B7E6F /* configuration */,
				ACC5FB7F22126381000B7E6F /* Info.plist */,
			);
			path = "Image Watermarking";
			sourceTree = "<group>";
		};
		ACC5FB85221265CB000B7E6F /* main */ = {
			isa = PBXGroup;
			children = (
				ACC5FB752212636B000B7E6F /* ViewController.swift */,
				ACC5FB8E2212CD7A000B7E6F /* LandingViewController.swift */,
				ACC5FB8822126F2F000B7E6F /* photoController.swift */,
				ACC5FB8A221276C6000B7E6F /* photoProccessController.swift */,
				ACC5FB8C22127BE6000B7E6F /* PhotoProccessDoneController.swift */,
			);
			path = main;
			sourceTree = "<group>";
		};
		ACC5FB86221265F2000B7E6F /* configuration */ = {
			isa = PBXGroup;
			children = (
			);
			path = configuration;
			sourceTree = "<group>";
		};
		ACC5FB8722126F04000B7E6F /* storyboard */ = {
			isa = PBXGroup;
			children = (
				ACC5FB7C22126381000B7E6F /* LaunchScreen.storyboard */,
				ACC5FB772212636B000B7E6F /* Main.storyboard */,
			);
			path = storyboard;
			sourceTree = "<group>";
		};
/* End PBXGroup section */

/* Begin PBXNativeTarget section */
		ACC5FB6F2212636B000B7E6F /* Image Watermarking */ = {
			isa = PBXNativeTarget;
			buildConfigurationList = ACC5FB8222126381000B7E6F /* Build configuration list for PBXNativeTarget "Image Watermarking" */;
			buildPhases = (
				ACC5FB6C2212636B000B7E6F /* Sources */,
				ACC5FB6D2212636B000B7E6F /* Frameworks */,
				ACC5FB6E2212636B000B7E6F /* Resources */,
			);
			buildRules = (
			);
			dependencies = (
			);
			name = "Image Watermarking";
			productName = "Image Watermarking";
			productReference = ACC5FB702212636B000B7E6F /* Image Watermarking.app */;
			productType = "com.apple.product-type.application";
		};
/* End PBXNativeTarget section */

/* Begin PBXProject section */
		ACC5FB682212636B000B7E6F /* Project object */ = {
			isa = PBXProject;
			attributes = {
				LastSwiftUpdateCheck = 0940;
				LastUpgradeCheck = 0940;
				ORGANIZATIONNAME = "Adli Raihan";
				TargetAttributes = {
					ACC5FB6F2212636B000B7E6F = {
						CreatedOnToolsVersion = 9.4.1;
					};
				};
			};
			buildConfigurationList = ACC5FB6B2212636B000B7E6F /* Build configuration list for PBXProject "Image Watermarking" */;
			compatibilityVersion = "Xcode 9.3";
			developmentRegion = en;
			hasScannedForEncodings = 0;
			knownRegions = (
				en,
				Base,
			);
			mainGroup = ACC5FB672212636B000B7E6F;
			productRefGroup = ACC5FB712212636B000B7E6F /* Products */;
			projectDirPath = "";
			projectRoot = "";
			targets = (
				ACC5FB6F2212636B000B7E6F /* Image Watermarking */,
			);
		};
/* End PBXProject section */

/* Begin PBXResourcesBuildPhase section */
		ACC5FB6E2212636B000B7E6F /* Resources */ = {
			isa = PBXResourcesBuildPhase;
			buildActionMask = 2147483647;
			files = (
				ACC5FB7E22126381000B7E6F /* LaunchScreen.storyboard in Resources */,
				ACC5FB7B22126381000B7E6F /* Assets.xcassets in Resources */,
				ACC5FB792212636B000B7E6F /* Main.storyboard in Resources */,
			);
			runOnlyForDeploymentPostprocessing = 0;
		};
/* End PBXResourcesBuildPhase section */

/* Begin PBXSourcesBuildPhase section */
		ACC5FB6C2212636B000B7E6F /* Sources */ = {
			isa = PBXSourcesBuildPhase;
			buildActionMask = 2147483647;
			files = (
				ACC5FB8B221276C6000B7E6F /* photoProccessController.swift in Sources */,
				ACC5FB762212636B000B7E6F /* ViewController.swift in Sources */,
				ACC5FB742212636B000B7E6F /* AppDelegate.swift in Sources */,
				ACC5FB8922126F2F000B7E6F /* photoController.swift in Sources */,
				ACC5FB8F2212CD7B000B7E6F /* LandingViewController.swift in Sources */,
				ACC5FB8D22127BE6000B7E6F /* PhotoProccessDoneController.swift in Sources */,
			);
			runOnlyForDeploymentPostprocessing = 0;
		};
/* End PBXSourcesBuildPhase section */

/* Begin PBXVariantGroup section */
		ACC5FB772212636B000B7E6F /* Main.storyboard */ = {
			isa = PBXVariantGroup;
			children = (
				ACC5FB782212636B000B7E6F /* Base */,
			);
			name = Main.storyboard;
			sourceTree = "<group>";
		};
		ACC5FB7C22126381000B7E6F /* LaunchScreen.storyboard */ = {
			isa = PBXVariantGroup;
			children = (
				ACC5FB7D22126381000B7E6F /* Base */,
			);
			name = LaunchScreen.storyboard;
			sourceTree = "<group>";
		};
/* End PBXVariantGroup section */

/* Begin XCBuildConfiguration section */
		ACC5FB8022126381000B7E6F /* Debug */ = {
			isa = XCBuildConfiguration;
			buildSettings = {
				ALWAYS_SEARCH_USER_PATHS = NO;
				CLANG_ANALYZER_NONNULL = YES;
				CLANG_ANALYZER_NUMBER_OBJECT_CONVERSION = YES_AGGRESSIVE;
				CLANG_CXX_LANGUAGE_STANDARD = "gnu++14";
				CLANG_CXX_LIBRARY = "libc++";
				CLANG_ENABLE_MODULES = YES;
				CLANG_ENABLE_OBJC_ARC = YES;
				CLANG_ENABLE_OBJC_WEAK = YES;
				CLANG_WARN_BLOCK_CAPTURE_AUTORELEASING = YES;
				CLANG_WARN_BOOL_CONVERSION = YES;
				CLANG_WARN_COMMA = YES;
				CLANG_WARN_CONSTANT_CONVERSION = YES;
				CLANG_WARN_DEPRECATED_OBJC_IMPLEMENTATIONS = YES;
				CLANG_WARN_DIRECT_OBJC_ISA_USAGE = YES_ERROR;
				CLANG_WARN_DOCUMENTATION_COMMENTS = YES;
				CLANG_WARN_EMPTY_BODY = YES;
				CLANG_WARN_ENUM_CONVERSION = YES;
				CLANG_WARN_INFINITE_RECURSION = YES;
				CLANG_WARN_INT_CONVERSION = YES;
				CLANG_WARN_NON_LITERAL_NULL_CONVERSION = YES;
				CLANG_WARN_OBJC_IMPLICIT_RETAIN_SELF = YES;
				CLANG_WARN_OBJC_LITERAL_CONVERSION = YES;
				CLANG_WARN_OBJC_ROOT_CLASS = YES_ERROR;
				CLANG_WARN_RANGE_LOOP_ANALYSIS = YES;
				CLANG_WARN_STRICT_PROTOTYPES = YES;
				CLANG_WARN_SUSPICIOUS_MOVE = YES;
				CLANG_WARN_UNGUARDED_AVAILABILITY = YES_AGGRESSIVE;
				CLANG_WARN_UNREACHABLE_CODE = YES;
				CLANG_WARN__DUPLICATE_METHOD_MATCH = YES;
				CODE_SIGN_IDENTITY = "iPhone Developer";
				COPY_PHASE_STRIP = NO;
				DEBUG_INFORMATION_FORMAT = dwarf;
				ENABLE_STRICT_OBJC_MSGSEND = YES;
				ENABLE_TESTABILITY = YES;
				GCC_C_LANGUAGE_STANDARD = gnu11;
				GCC_DYNAMIC_NO_PIC = NO;
				GCC_NO_COMMON_BLOCKS = YES;
				GCC_OPTIMIZATION_LEVEL = 0;
				GCC_PREPROCESSOR_DEFINITIONS = (
					"DEBUG=1",
					"$(inherited)",
				);
				GCC_WARN_64_TO_32_BIT_CONVERSION = YES;
				GCC_WARN_ABOUT_RETURN_TYPE = YES_ERROR;
				GCC_WARN_UNDECLARED_SELECTOR = YES;
				GCC_WARN_UNINITIALIZED_AUTOS = YES_AGGRESSIVE;
				GCC_WARN_UNUSED_FUNCTION = YES;
				GCC_WARN_UNUSED_VARIABLE = YES;
				IPHONEOS_DEPLOYMENT_TARGET = 11.4;
				MTL_ENABLE_DEBUG_INFO = YES;
				ONLY_ACTIVE_ARCH = YES;
				SDKROOT = iphoneos;
				SWIFT_ACTIVE_COMPILATION_CONDITIONS = DEBUG;
				SWIFT_OPTIMIZATION_LEVEL = "-Onone";
			};
			name = Debug;
		};
		ACC5FB8122126381000B7E6F /* Release */ = {
			isa = XCBuildConfiguration;
			buildSettings = {
				ALWAYS_SEARCH_USER_PATHS = NO;
				CLANG_ANALYZER_NONNULL = YES;
				CLANG_ANALYZER_NUMBER_OBJECT_CONVERSION = YES_AGGRESSIVE;
				CLANG_CXX_LANGUAGE_STANDARD = "gnu++14";
				CLANG_CXX_LIBRARY = "libc++";
				CLANG_ENABLE_MODULES = YES;
				CLANG_ENABLE_OBJC_ARC = YES;
				CLANG_ENABLE_OBJC_WEAK = YES;
				CLANG_WARN_BLOCK_CAPTURE_AUTORELEASING = YES;
				CLANG_WARN_BOOL_CONVERSION = YES;
				CLANG_WARN_COMMA = YES;
				CLANG_WARN_CONSTANT_CONVERSION = YES;
				CLANG_WARN_DEPRECATED_OBJC_IMPLEMENTATIONS = YES;
				CLANG_WARN_DIRECT_OBJC_ISA_USAGE = YES_ERROR;
				CLANG_WARN_DOCUMENTATION_COMMENTS = YES;
				CLANG_WARN_EMPTY_BODY = YES;
				CLANG_WARN_ENUM_CONVERSION = YES;
				CLANG_WARN_INFINITE_RECURSION = YES;
				CLANG_WARN_INT_CONVERSION = YES;
				CLANG_WARN_NON_LITERAL_NULL_CONVERSION = YES;
				CLANG_WARN_OBJC_IMPLICIT_RETAIN_SELF = YES;
				CLANG_WARN_OBJC_LITERAL_CONVERSION = YES;
				CLANG_WARN_OBJC_ROOT_CLASS = YES_ERROR;
				CLANG_WARN_RANGE_LOOP_ANALYSIS = YES;
				CLANG_WARN_STRICT_PROTOTYPES = YES;
				CLANG_WARN_SUSPICIOUS_MOVE = YES;
				CLANG_WARN_UNGUARDED_AVAILABILITY = YES_AGGRESSIVE;
				CLANG_WARN_UNREACHABLE_CODE = YES;
				CLANG_WARN__DUPLICATE_METHOD_MATCH = YES;
				CODE_SIGN_IDENTITY = "iPhone Developer";
				COPY_PHASE_STRIP = NO;
				DEBUG_INFORMATION_FORMAT = "dwarf-with-dsym";
				ENABLE_NS_ASSERTIONS = NO;
				ENABLE_STRICT_OBJC_MSGSEND = YES;
				GCC_C_LANGUAGE_STANDARD = gnu11;
				GCC_NO_COMMON_BLOCKS = YES;
				GCC_WARN_64_TO_32_BIT_CONVERSION = YES;
				GCC_WARN_ABOUT_RETURN_TYPE = YES_ERROR;
				GCC_WARN_UNDECLARED_SELECTOR = YES;
				GCC_WARN_UNINITIALIZED_AUTOS = YES_AGGRESSIVE;
				GCC_WARN_UNUSED_FUNCTION = YES;
				GCC_WARN_UNUSED_VARIABLE = YES;
				IPHONEOS_DEPLOYMENT_TARGET = 11.4;
				MTL_ENABLE_DEBUG_INFO = NO;
				SDKROOT = iphoneos;
				SWIFT_COMPILATION_MODE = wholemodule;
				SWIFT_OPTIMIZATION_LEVEL = "-O";
				VALIDATE_PRODUCT = YES;
			};
			name = Release;
		};
		ACC5FB8322126381000B7E6F /* Debug */ = {
			isa = XCBuildConfiguration;
			buildSettings = {
				ASSETCATALOG_COMPILER_APPICON_NAME = AppIcon;
				CODE_SIGN_STYLE = Automatic;
				DEVELOPMENT_TEAM = 79X43WXBZM;
				INFOPLIST_FILE = "Image Watermarking/Info.plist";
				LD_RUNPATH_SEARCH_PATHS = (
					"$(inherited)",
					"@executable_path/Frameworks",
				);
				PRODUCT_BUNDLE_IDENTIFIER = "com.shreoud.Image-Watermarking";
				PRODUCT_NAME = "$(TARGET_NAME)";
				SWIFT_VERSION = 4.0;
				TARGETED_DEVICE_FAMILY = "1,2";
			};
			name = Debug;
		};
		ACC5FB8422126381000B7E6F /* Release */ = {
			isa = XCBuildConfiguration;
			buildSettings = {
				ASSETCATALOG_COMPILER_APPICON_NAME = AppIcon;
				CODE_SIGN_STYLE = Automatic;
				DEVELOPMENT_TEAM = 79X43WXBZM;
				INFOPLIST_FILE = "Image Watermarking/Info.plist";
				LD_RUNPATH_SEARCH_PATHS = (
					"$(inherited)",
					"@executable_path/Frameworks",
				);
				PRODUCT_BUNDLE_IDENTIFIER = "com.shreoud.Image-Watermarking";
				PRODUCT_NAME = "$(TARGET_NAME)";
				SWIFT_VERSION = 4.0;
				TARGETED_DEVICE_FAMILY = "1,2";
			};
			name = Release;
		};
/* End XCBuildConfiguration section */

/* Begin XCConfigurationList section */
		ACC5FB6B2212636B000B7E6F /* Build configuration list for PBXProject "Image Watermarking" */ = {
			isa = XCConfigurationList;
			buildConfigurations = (
				ACC5FB8022126381000B7E6F /* Debug */,
				ACC5FB8122126381000B7E6F /* Release */,
			);
			defaultConfigurationIsVisible = 0;
			defaultConfigurationName = Release;
		};
		ACC5FB8222126381000B7E6F /* Build configuration list for PBXNativeTarget "Image Watermarking" */ = {
			isa = XCConfigurationList;
			buildConfigurations = (
				ACC5FB8322126381000B7E6F /* Debug */,
				ACC5FB8422126381000B7E6F /* Release */,
			);
			defaultConfigurationIsVisible = 0;
			defaultConfigurationName = Release;
		};
/* End XCConfigurationList section */
	};
	rootObject = ACC5FB682212636B000B7E6F /* Project object */;
}
